
Microsoft Visual Studio Solution File, Format Version 12.00
# Visual Studio Version 17
VisualStudioVersion = 17.0.31903.59
MinimumVisualStudioVersion = 10.0.40219.1
Project("{FAE04EC0-301F-11D3-BF4B-00C04F79EFBC}") = "TaskManagement.Api", "TaskManagement.Api\TaskManagement.Api.csproj", "{C7DEE85A-D218-46A6-939E-1FBA5223E62B}"
EndProject
Project("{FAE04EC0-301F-11D3-BF4B-00C04F79EFBC}") = "TaskManagement.Application", "TaskManagement.Application\TaskManagement.Application.csproj", "{23F472A9-2C03-416A-AC53-395604897C8B}"
EndProject
Project("{FAE04EC0-301F-11D3-BF4B-00C04F79EFBC}") = "TaskManagement.Domain", "TaskManagement.Domain\TaskManagement.Domain.csproj", "{7B58277E-261F-442A-9106-F75FDC29373E}"
EndProject
Project("{FAE04EC0-301F-11D3-BF4B-00C04F79EFBC}") = "TaskManagement.Infrastructure", "TaskManagement.Infrastructure\TaskManagement.Infrastructure.csproj", "{CF60F713-BE08-4FF3-9F7E-326FA5BC3BAE}"
EndProject
Project("{FAE04EC0-301F-11D3-BF4B-00C04F79EFBC}") = "TaskManagement.Tests", "TaskManagement.Tests\TaskManagement.Tests.csproj", "{FAEEFCF6-1D7A-4ECD-9F7A-AA02661E8F6C}"
EndProject
Global
	GlobalSection(SolutionConfigurationPlatforms) = preSolution
		Debug|Any CPU = Debug|Any CPU
		Release|Any CPU = Release|Any CPU
	EndGlobalSection
	GlobalSection(SolutionProperties) = preSolution
		HideSolutionNode = FALSE
	EndGlobalSection
	GlobalSection(ProjectConfigurationPlatforms) = postSolution
		{C7DEE85A-D218-46A6-939E-1FBA5223E62B}.Debug|Any CPU.ActiveCfg = Debug|Any CPU
		{C7DEE85A-D218-46A6-939E-1FBA5223E62B}.Debug|Any CPU.Build.0 = Debug|Any CPU
		{C7DEE85A-D218-46A6-939E-1FBA5223E62B}.Release|Any CPU.ActiveCfg = Release|Any CPU
		{C7DEE85A-D218-46A6-939E-1FBA5223E62B}.Release|Any CPU.Build.0 = Release|Any CPU
		{23F472A9-2C03-416A-AC53-395604897C8B}.Debug|Any CPU.ActiveCfg = Debug|Any CPU
		{23F472A9-2C03-416A-AC53-395604897C8B}.Debug|Any CPU.Build.0 = Debug|Any CPU
		{23F472A9-2C03-416A-AC53-395604897C8B}.Release|Any CPU.ActiveCfg = Release|Any CPU
		{23F472A9-2C03-416A-AC53-395604897C8B}.Release|Any CPU.Build.0 = Release|Any CPU
		{7B58277E-261F-442A-9106-F75FDC29373E}.Debug|Any CPU.ActiveCfg = Debug|Any CPU
		{7B58277E-261F-442A-9106-F75FDC29373E}.Debug|Any CPU.Build.0 = Debug|Any CPU
		{7B58277E-261F-442A-9106-F75FDC29373E}.Release|Any CPU.ActiveCfg = Release|Any CPU
		{7B58277E-261F-442A-9106-F75FDC29373E}.Release|Any CPU.Build.0 = Release|Any CPU
		{CF60F713-BE08-4FF3-9F7E-326FA5BC3BAE}.Debug|Any CPU.ActiveCfg = Debug|Any CPU
		{CF60F713-BE08-4FF3-9F7E-326FA5BC3BAE}.Debug|Any CPU.Build.0 = Debug|Any CPU
		{CF60F713-BE08-4FF3-9F7E-326FA5BC3BAE}.Release|Any CPU.ActiveCfg = Release|Any CPU
		{CF60F713-BE08-4FF3-9F7E-326FA5BC3BAE}.Release|Any CPU.Build.0 = Release|Any CPU
		{FAEEFCF6-1D7A-4ECD-9F7A-AA02661E8F6C}.Debug|Any CPU.ActiveCfg = Debug|Any CPU
		{FAEEFCF6-1D7A-4ECD-9F7A-AA02661E8F6C}.Debug|Any CPU.Build.0 = Debug|Any CPU
		{FAEEFCF6-1D7A-4ECD-9F7A-AA02661E8F6C}.Release|Any CPU.ActiveCfg = Release|Any CPU
		{FAEEFCF6-1D7A-4ECD-9F7A-AA02661E8F6C}.Release|Any CPU.Build.0 = Release|Any CPU
	EndGlobalSection
EndGlobal
